
Microsoft Visual Studio Solution File, Format Version 12.00
# Visual Studio 15
VisualStudioVersion = 15.0.28307.136
MinimumVisualStudioVersion = 10.0.40219.1
Project("{FAE04EC0-301F-11D3-BF4B-00C04F79EFBC}") = "WindowsFormsApp1", "WindowsFormsApp1\WindowsFormsApp1.csproj", "{A3157196-C1C6-44A1-A701-F6FE07F84EDE}"
EndProject
Global
	GlobalSection(SolutionConfigurationPlatforms) = preSolution
		Debug|Any CPU = Debug|Any CPU
		Release|Any CPU = Release|Any CPU
	EndGlobalSection
	GlobalSection(ProjectConfigurationPlatforms) = postSolution
		{A3157196-C1C6-44A1-A701-F6FE07F84EDE}.Debug|Any CPU.ActiveCfg = Debug|Any CPU
		{A3157196-C1C6-44A1-A701-F6FE07F84EDE}.Debug|Any CPU.Build.0 = Debug|Any CPU
		{A3157196-C1C6-44A1-A701-F6FE07F84EDE}.Release|Any CPU.ActiveCfg = Release|Any CPU
		{A3157196-C1C6-44A1-A701-F6FE07F84EDE}.Release|Any CPU.Build.0 = Release|Any CPU
	EndGlobalSection
	GlobalSection(SolutionProperties) = preSolution
		HideSolutionNode = FALSE
	EndGlobalSection
	GlobalSection(ExtensibilityGlobals) = postSolution
		SolutionGuid = {ABB8F2D9-6750-45E3-9B53-0FBB97A92756}
	EndGlobalSection
EndGlobal
